
Microsoft Visual Studio Solution File, Format Version 12.00
# Visual Studio Version 17
VisualStudioVersion = 17.6.33815.320
MinimumVisualStudioVersion = 10.0.40219.1
Project("{FAE04EC0-301F-11D3-BF4B-00C04F79EFBC}") = "quadrato", "quadrato\quadrato.csproj", "{90745205-F5BB-4608-8035-5FA75EAF4FE8}"
EndProject
Global
	GlobalSection(SolutionConfigurationPlatforms) = preSolution
		Debug|Any CPU = Debug|Any CPU
		Release|Any CPU = Release|Any CPU
	EndGlobalSection
	GlobalSection(ProjectConfigurationPlatforms) = postSolution
		{90745205-F5BB-4608-8035-5FA75EAF4FE8}.Debug|Any CPU.ActiveCfg = Debug|Any CPU
		{90745205-F5BB-4608-8035-5FA75EAF4FE8}.Debug|Any CPU.Build.0 = Debug|Any CPU
		{90745205-F5BB-4608-8035-5FA75EAF4FE8}.Release|Any CPU.ActiveCfg = Release|Any CPU
		{90745205-F5BB-4608-8035-5FA75EAF4FE8}.Release|Any CPU.Build.0 = Release|Any CPU
	EndGlobalSection
	GlobalSection(SolutionProperties) = preSolution
		HideSolutionNode = FALSE
	EndGlobalSection
	GlobalSection(ExtensibilityGlobals) = postSolution
		SolutionGuid = {7EDA4FAF-B4E7-4261-9B4F-6D67E2DF372B}
	EndGlobalSection
EndGlobal
